# This file is automatically @generated by Cargo.
# It is not intended for manual editing.
version = 4

[[package]]
name = "river"
version = "0.1.0"
dependencies = [
 "river-rs",
]

[[package]]
name = "river-rs"
version = "0.3.3"
source = "git+https://github.com/yappaholic/river-rs#88c5026151642bfe21c8bb8e08002050368e1feb"
